
Microsoft Visual Studio Solution File, Format Version 12.00
# Visual Studio Version 16
VisualStudioVersion = 16.0.32002.261
MinimumVisualStudioVersion = 10.0.40219.1
Project("{FAE04EC0-301F-11D3-BF4B-00C04F79EFBC}") = "AreaLibrary", "AreaLibrary\AreaLibrary.csproj", "{0B092A7B-1B59-4240-9A28-F25DEA170699}"
EndProject
Project("{FAE04EC0-301F-11D3-BF4B-00C04F79EFBC}") = "AreaUnitTest", "AreaUnitTest\AreaUnitTest.csproj", "{A64AFAF1-F150-4B38-867B-CFD62FA65588}"
EndProject
Global
	GlobalSection(SolutionConfigurationPlatforms) = preSolution
		Debug|Any CPU = Debug|Any CPU
		Release|Any CPU = Release|Any CPU
	EndGlobalSection
	GlobalSection(ProjectConfigurationPlatforms) = postSolution
		{0B092A7B-1B59-4240-9A28-F25DEA170699}.Debug|Any CPU.ActiveCfg = Debug|Any CPU
		{0B092A7B-1B59-4240-9A28-F25DEA170699}.Debug|Any CPU.Build.0 = Debug|Any CPU
		{0B092A7B-1B59-4240-9A28-F25DEA170699}.Release|Any CPU.ActiveCfg = Release|Any CPU
		{0B092A7B-1B59-4240-9A28-F25DEA170699}.Release|Any CPU.Build.0 = Release|Any CPU
		{A64AFAF1-F150-4B38-867B-CFD62FA65588}.Debug|Any CPU.ActiveCfg = Debug|Any CPU
		{A64AFAF1-F150-4B38-867B-CFD62FA65588}.Debug|Any CPU.Build.0 = Debug|Any CPU
		{A64AFAF1-F150-4B38-867B-CFD62FA65588}.Release|Any CPU.ActiveCfg = Release|Any CPU
		{A64AFAF1-F150-4B38-867B-CFD62FA65588}.Release|Any CPU.Build.0 = Release|Any CPU
	EndGlobalSection
	GlobalSection(SolutionProperties) = preSolution
		HideSolutionNode = FALSE
	EndGlobalSection
	GlobalSection(ExtensibilityGlobals) = postSolution
		SolutionGuid = {E67974FB-1EC0-45EE-A786-5C180D8545B4}
	EndGlobalSection
EndGlobal
